lockfileVersion: '9.0'

settings:
  autoInstallPeers: true
  excludeLinksFromLockfile: false

importers:

  .:
    dependencies:
      create-next-app:
        specifier: ^16.1.2
        version: 16.1.2
      pnpm:
        specifier: ^10.28.0
        version: 10.28.0

packages:

  create-next-app@16.1.2:
    resolution: {integrity: sha512-sHnZkRtzNHjkZRfva96q2w1gCVgHBlSPv1/ONlItw2Rqlfv0ts/VN3pIoMzfxCDpSoqrbMzqOXIQB8xCDFXUwg==}
    engines: {node: '>=20.9.0'}
    hasBin: true

  pnpm@10.28.0:
    resolution: {integrity: sha512-Bd9x0UIfITmeBT/eVnzqNNRG+gLHZXFEG/wceVbpjjYwiJgtlARl/TRIDU2QoGaLwSNi+KqIAApk6D0LDke+SA==}
    engines: {node: '>=18.12'}
    hasBin: true

snapshots:

  create-next-app@16.1.2: {}

  pnpm@10.28.0: {}
